
Microsoft Visual Studio Solution File, Format Version 12.00
# Visual Studio Version 16
VisualStudioVersion = 16.0.30804.86
MinimumVisualStudioVersion = 10.0.40219.1
Project("{FAE04EC0-301F-11D3-BF4B-00C04F79EFBC}") = "Vaseis", "Vaseis\Vaseis.csproj", "{66BF8916-63F7-4B51-A850-B8A93CD27C23}"
EndProject
Global
	GlobalSection(SolutionConfigurationPlatforms) = preSolution
		Debug|Any CPU = Debug|Any CPU
		Release|Any CPU = Release|Any CPU
	EndGlobalSection
	GlobalSection(ProjectConfigurationPlatforms) = postSolution
		{66BF8916-63F7-4B51-A850-B8A93CD27C23}.Debug|Any CPU.ActiveCfg = Debug|Any CPU
		{66BF8916-63F7-4B51-A850-B8A93CD27C23}.Debug|Any CPU.Build.0 = Debug|Any CPU
		{66BF8916-63F7-4B51-A850-B8A93CD27C23}.Release|Any CPU.ActiveCfg = Release|Any CPU
		{66BF8916-63F7-4B51-A850-B8A93CD27C23}.Release|Any CPU.Build.0 = Release|Any CPU
	EndGlobalSection
	GlobalSection(SolutionProperties) = preSolution
		HideSolutionNode = FALSE
	EndGlobalSection
	GlobalSection(ExtensibilityGlobals) = postSolution
		SolutionGuid = {95A60B42-51A7-43E4-870C-54F51C338145}
	EndGlobalSection
EndGlobal
